{
  "dependencies": {
    "apn": {
      "version": "1.7.2",
      "dependencies": {
        "node-forge": {
          "version": "0.6.20"
        },
        "q": {
          "version": "1.1.2"
        }
      }
    },
    "async": {
      "version": "0.9.0"
    },
    "bunyan": {
      "version": "1.3.3",
      "dependencies": {
        "safe-json-stringify": {
          "version": "1.0.1"
        }
      }
    },
    "fbgraph": {
      "version": "0.3.0",
      "dependencies": {
        "request": {
          "version": "2.40.0",
          "dependencies": {
            "qs": {
              "version": "1.0.2"
            },
            "json-stringify-safe": {
              "version": "5.0.0"
            },
            "mime-types": {
              "version": "1.0.2"
            },
            "forever-agent": {
              "version": "0.5.2"
            },
            "node-uuid": {
              "version": "1.4.2"
            },
            "tough-cookie": {
              "version": "0.12.1",
              "dependencies": {
                "punycode": {
                  "version": "1.3.2"
                }
              }
            },
            "form-data": {
              "version": "0.1.4",
              "dependencies": {
                "combined-stream": {
                  "version": "0.0.7",
                  "dependencies": {
                    "delayed-stream": {
                      "version": "0.0.5"
                    }
                  }
                },
                "mime": {
                  "version": "1.2.11"
                }
              }
            },
            "tunnel-agent": {
              "version": "0.4.0"
            },
            "http-signature": {
              "version": "0.10.1",
              "dependencies": {
                "assert-plus": {
                  "version": "0.1.5"
                },
                "asn1": {
                  "version": "0.1.11"
                },
                "ctype": {
                  "version": "0.5.3"
                }
              }
            },
            "oauth-sign": {
              "version": "0.3.0"
            },
            "hawk": {
              "version": "1.1.1",
              "dependencies": {
                "hoek": {
                  "version": "0.9.1"
                },
                "boom": {
                  "version": "0.4.2"
                },
                "cryptiles": {
                  "version": "0.2.2"
                },
                "sntp": {
                  "version": "0.2.4"
                }
              }
            },
            "aws-sign2": {
              "version": "0.5.0"
            },
            "stringstream": {
              "version": "0.0.4"
            }
          }
        },
        "qs": {
          "version": "1.2.2"
        }
      }
    },
    "gm": {
      "version": "1.17.0",
      "dependencies": {
        "debug": {
          "version": "0.7.0"
        },
        "array-series": {
          "version": "0.1.5"
        },
        "array-parallel": {
          "version": "0.1.3"
        },
        "through": {
          "version": "2.3.6"
        }
      }
    },
    "imagemagick": {
      "version": "0.1.3"
    },
    "pkgcloud": {
      "version": "1.1.0",
      "dependencies": {
        "aws-sdk": {
          "version": "2.0.31",
          "dependencies": {
            "xml2js": {
              "version": "0.2.6",
              "dependencies": {
                "sax": {
                  "version": "0.4.2"
                }
              }
            },
            "xmlbuilder": {
              "version": "0.4.2"
            }
          }
        },
        "errs": {
          "version": "0.3.2"
        },
        "eventemitter2": {
          "version": "0.4.14"
        },
        "filed": {
          "version": "0.1.0"
        },
        "gcloud": {
          "version": "0.10.0",
          "dependencies": {
            "duplexify": {
              "version": "3.2.0",
              "dependencies": {
                "end-of-stream": {
                  "version": "1.0.0",
                  "dependencies": {
                    "once": {
                      "version": "1.3.1",
                      "dependencies": {
                        "wrappy": {
                          "version": "1.0.1"
                        }
                      }
                    }
                  }
                },
                "readable-stream": {
                  "version": "1.0.33",
                  "dependencies": {
                    "core-util-is": {
                      "version": "1.0.1"
                    },
                    "isarray": {
                      "version": "0.0.1"
                    },
                    "string_decoder": {
                      "version": "0.10.31"
                    },
                    "inherits": {
                      "version": "2.0.1"
                    }
                  }
                }
              }
            },
            "extend": {
              "version": "1.3.0"
            },
            "gapitoken": {
              "version": "0.1.3",
              "dependencies": {
                "jws": {
                  "version": "0.0.2",
                  "dependencies": {
                    "tap": {
                      "version": "0.3.3",
                      "dependencies": {
                        "inherits": {
                          "version": "1.0.0"
                        },
                        "yamlish": {
                          "version": "0.0.5"
                        },
                        "slide": {
                          "version": "1.1.6"
                        },
                        "runforcover": {
                          "version": "0.0.2",
                          "dependencies": {
                            "bunker": {
                              "version": "0.1.2",
                              "dependencies": {
                                "burrito": {
                                  "version": "0.2.12",
                                  "dependencies": {
                                    "traverse": {
                                      "version": "0.5.2"
                                    },
                                    "uglify-js": {
                                      "version": "1.1.1"
                                    }
                                  }
                                }
                              }
                            }
                          }
                        },
                        "nopt": {
                          "version": "2.2.1",
                          "dependencies": {
                            "abbrev": {
                              "version": "1.0.5"
                            }
                          }
                        },
                        "mkdirp": {
                          "version": "0.3.5"
                        },
                        "difflet": {
                          "version": "0.2.6",
                          "dependencies": {
                            "traverse": {
                              "version": "0.6.6"
                            },
                            "charm": {
                              "version": "0.1.2"
                            },
                            "deep-is": {
                              "version": "0.1.3"
                            }
                          }
                        },
                        "deep-equal": {
                          "version": "0.0.0"
                        },
                        "buffer-equal": {
                          "version": "0.0.1"
                        }
                      }
                    },
                    "base64url": {
                      "version": "0.0.3"
                    }
                  }
                }
              }
            },
            "node-uuid": {
              "version": "1.4.2"
            },
            "protobufjs": {
              "version": "3.8.2",
              "dependencies": {
                "bytebuffer": {
                  "version": "3.5.4",
                  "dependencies": {
                    "long": {
                      "version": "2.2.3"
                    },
                    "bufferview": {
                      "version": "1.0.1"
                    }
                  }
                },
                "ascli": {
                  "version": "0.3.0",
                  "dependencies": {
                    "colour": {
                      "version": "0.7.1"
                    },
                    "optjs": {
                      "version": "3.2.1-boom"
                    }
                  }
                }
              }
            },
            "stream-events": {
              "version": "1.0.1",
              "dependencies": {
                "stubs": {
                  "version": "1.1.2"
                }
              }
            }
          }
        },
        "ip": {
          "version": "0.3.2"
        },
        "mime": {
          "version": "1.2.11"
        },
        "qs": {
          "version": "1.2.2"
        },
        "request": {
          "version": "2.40.0",
          "dependencies": {
            "qs": {
              "version": "1.0.2"
            },
            "json-stringify-safe": {
              "version": "5.0.0"
            },
            "mime-types": {
              "version": "1.0.2"
            },
            "forever-agent": {
              "version": "0.5.2"
            },
            "node-uuid": {
              "version": "1.4.2"
            },
            "tough-cookie": {
              "version": "0.12.1",
              "dependencies": {
                "punycode": {
                  "version": "1.3.2"
                }
              }
            },
            "form-data": {
              "version": "0.1.4",
              "dependencies": {
                "combined-stream": {
                  "version": "0.0.7",
                  "dependencies": {
                    "delayed-stream": {
                      "version": "0.0.5"
                    }
                  }
                }
              }
            },
            "tunnel-agent": {
              "version": "0.4.0"
            },
            "http-signature": {
              "version": "0.10.1",
              "dependencies": {
                "assert-plus": {
                  "version": "0.1.5"
                },
                "asn1": {
                  "version": "0.1.11"
                },
                "ctype": {
                  "version": "0.5.3"
                }
              }
            },
            "oauth-sign": {
              "version": "0.3.0"
            },
            "hawk": {
              "version": "1.1.1",
              "dependencies": {
                "hoek": {
                  "version": "0.9.1"
                },
                "boom": {
                  "version": "0.4.2"
                },
                "cryptiles": {
                  "version": "0.2.2"
                },
                "sntp": {
                  "version": "0.2.4"
                }
              }
            },
            "aws-sign2": {
              "version": "0.5.0"
            },
            "stringstream": {
              "version": "0.0.4"
            }
          }
        },
        "s3-upload-stream": {
          "version": "1.0.7"
        },
        "through2": {
          "version": "0.6.3",
          "dependencies": {
            "readable-stream": {
              "version": "1.0.33",
              "dependencies": {
                "core-util-is": {
                  "version": "1.0.1"
                },
                "isarray": {
                  "version": "0.0.1"
                },
                "string_decoder": {
                  "version": "0.10.31"
                },
                "inherits": {
                  "version": "2.0.1"
                }
              }
            },
            "xtend": {
              "version": "4.0.0"
            }
          }
        },
        "underscore": {
          "version": "1.6.0"
        },
        "url-join": {
          "version": "0.0.1"
        },
        "xml2js": {
          "version": "0.1.14",
          "dependencies": {
            "sax": {
              "version": "0.6.1"
            }
          }
        }
      }
    },
    "request": {
      "version": "2.51.0",
      "dependencies": {
        "bl": {
          "version": "0.9.4",
          "dependencies": {
            "readable-stream": {
              "version": "1.0.33",
              "dependencies": {
                "core-util-is": {
                  "version": "1.0.1"
                },
                "isarray": {
                  "version": "0.0.1"
                },
                "string_decoder": {
                  "version": "0.10.31"
                },
                "inherits": {
                  "version": "2.0.1"
                }
              }
            }
          }
        },
        "caseless": {
          "version": "0.8.0"
        },
        "forever-agent": {
          "version": "0.5.2"
        },
        "form-data": {
          "version": "0.2.0",
          "dependencies": {
            "mime-types": {
              "version": "2.0.7",
              "dependencies": {
                "mime-db": {
                  "version": "1.5.0"
                }
              }
            }
          }
        },
        "json-stringify-safe": {
          "version": "5.0.0"
        },
        "mime-types": {
          "version": "1.0.2"
        },
        "node-uuid": {
          "version": "1.4.2"
        },
        "qs": {
          "version": "2.3.3"
        },
        "tunnel-agent": {
          "version": "0.4.0"
        },
        "tough-cookie": {
          "version": "0.12.1",
          "dependencies": {
            "punycode": {
              "version": "1.3.2"
            }
          }
        },
        "http-signature": {
          "version": "0.10.1",
          "dependencies": {
            "assert-plus": {
              "version": "0.1.5"
            },
            "asn1": {
              "version": "0.1.11"
            },
            "ctype": {
              "version": "0.5.3"
            }
          }
        },
        "oauth-sign": {
          "version": "0.5.0"
        },
        "hawk": {
          "version": "1.1.1",
          "dependencies": {
            "hoek": {
              "version": "0.9.1"
            },
            "boom": {
              "version": "0.4.2"
            },
            "cryptiles": {
              "version": "0.2.2"
            },
            "sntp": {
              "version": "0.2.4"
            }
          }
        },
        "aws-sign2": {
          "version": "0.5.0"
        },
        "stringstream": {
          "version": "0.0.4"
        },
        "combined-stream": {
          "version": "0.0.7",
          "dependencies": {
            "delayed-stream": {
              "version": "0.0.5"
            }
          }
        }
      }
    },
    "sleep": {
      "version": "2.0.0",
      "dependencies": {
        "nan": {
          "version": "1.7.0"
        }
      }
    }
  }
}
